// !$*UTF8*$!
{
	archiveVersion = 1;
	classes = {
	};
	objectVersion = 55;
	objects = {

/* Begin PBXBuildFile section */
		65089FBA2869EC900027A6C7 /* AuthenticationManager.swift in Sources */ = {isa = PBXBuildFile; fileRef = 65089FB92869EC900027A6C7 /* AuthenticationManager.swift */; };
		65089FBB2869EC900027A6C7 /* AuthenticationManager.swift in Sources */ = {isa = PBXBuildFile; fileRef = 65089FB92869EC900027A6C7 /* AuthenticationManager.swift */; };
		65089FBE286A01D80027A6C7 /* AuthenticationData.m in Sources */ = {isa = PBXBuildFile; fileRef = 65089FBD286A01D80027A6C7 /* AuthenticationData.m */; };
		65089FBF286A01D80027A6C7 /* AuthenticationData.m in Sources */ = {isa = PBXBuildFile; fileRef = 65089FBD286A01D80027A6C7 /* AuthenticationData.m */; };
		65089FC6286B4B890027A6C7 /* CertRetreiver.swift in Sources */ = {isa = PBXBuildFile; fileRef = 65089FC1286B0F440027A6C7 /* CertRetreiver.swift */; };
		65089FC7286B4B890027A6C7 /* CertRetreiver.swift in Sources */ = {isa = PBXBuildFile; fileRef = 65089FC1286B0F440027A6C7 /* CertRetreiver.swift */; };
		6520E1CA285615310009C68E /* fabricate.swift in Sources */ = {isa = PBXBuildFile; fileRef = 6520E1C9285615310009C68E /* fabricate.swift */; };
		6520E1CB285615310009C68E /* fabricate.swift in Sources */ = {isa = PBXBuildFile; fileRef = 6520E1C9285615310009C68E /* fabricate.swift */; };
		652AFFA42856217B0026FEC2 /* PreviewData.swift in Sources */ = {isa = PBXBuildFile; fileRef = 652AFF962856217B0026FEC2 /* PreviewData.swift */; };
		652AFFA52856217B0026FEC2 /* PreviewData.swift in Sources */ = {isa = PBXBuildFile; fileRef = 652AFF962856217B0026FEC2 /* PreviewData.swift */; };
		652AFFA62856217B0026FEC2 /* Accessory.swift in Sources */ = {isa = PBXBuildFile; fileRef = 652AFF972856217B0026FEC2 /* Accessory.swift */; };
		652AFFA72856217B0026FEC2 /* Accessory.swift in Sources */ = {isa = PBXBuildFile; fileRef = 652AFF972856217B0026FEC2 /* Accessory.swift */; };
		652AFFA82856217B0026FEC2 /* DecryptReport.swift in Sources */ = {isa = PBXBuildFile; fileRef = 652AFF992856217B0026FEC2 /* DecryptReport.swift */; };
		652AFFA92856217B0026FEC2 /* DecryptReport.swift in Sources */ = {isa = PBXBuildFile; fileRef = 652AFF992856217B0026FEC2 /* DecryptReport.swift */; };
		652AFFAA2856217B0026FEC2 /* FindMyKeyDecoder.swift in Sources */ = {isa = PBXBuildFile; fileRef = 652AFF9A2856217B0026FEC2 /* FindMyKeyDecoder.swift */; };
		652AFFAB2856217B0026FEC2 /* FindMyKeyDecoder.swift in Sources */ = {isa = PBXBuildFile; fileRef = 652AFF9A2856217B0026FEC2 /* FindMyKeyDecoder.swift */; };
		652AFFAC2856217B0026FEC2 /* FindMyController.swift in Sources */ = {isa = PBXBuildFile; fileRef = 652AFF9B2856217B0026FEC2 /* FindMyController.swift */; };
		652AFFAD2856217B0026FEC2 /* FindMyController.swift in Sources */ = {isa = PBXBuildFile; fileRef = 652AFF9B2856217B0026FEC2 /* FindMyController.swift */; };
		652AFFAE2856217B0026FEC2 /* Models.swift in Sources */ = {isa = PBXBuildFile; fileRef = 652AFF9C2856217B0026FEC2 /* Models.swift */; };
		652AFFAF2856217B0026FEC2 /* Models.swift in Sources */ = {isa = PBXBuildFile; fileRef = 652AFF9C2856217B0026FEC2 /* Models.swift */; };
		652AFFB02856217B0026FEC2 /* BoringSSL.m in Sources */ = {isa = PBXBuildFile; fileRef = 652AFF9E2856217B0026FEC2 /* BoringSSL.m */; };
		652AFFB12856217B0026FEC2 /* BoringSSL.m in Sources */ = {isa = PBXBuildFile; fileRef = 652AFF9E2856217B0026FEC2 /* BoringSSL.m */; };
		652AFFB22856217B0026FEC2 /* AnisetteDataManager.swift in Sources */ = {isa = PBXBuildFile; fileRef = 652AFFA12856217B0026FEC2 /* AnisetteDataManager.swift */; };
		652AFFB32856217B0026FEC2 /* AnisetteDataManager.swift in Sources */ = {isa = PBXBuildFile; fileRef = 652AFFA12856217B0026FEC2 /* AnisetteDataManager.swift */; };
		652AFFB42856217B0026FEC2 /* ReportsFetcher.m in Sources */ = {isa = PBXBuildFile; fileRef = 652AFFA32856217B0026FEC2 /* ReportsFetcher.m */; };
		652AFFB52856217B0026FEC2 /* ReportsFetcher.m in Sources */ = {isa = PBXBuildFile; fileRef = 652AFFA32856217B0026FEC2 /* ReportsFetcher.m */; };
		652AFFBD285621920026FEC2 /* ALTAnisetteData.m in Sources */ = {isa = PBXBuildFile; fileRef = 652AFFB7285621920026FEC2 /* ALTAnisetteData.m */; };
		652AFFBE285621920026FEC2 /* ALTAnisetteData.m in Sources */ = {isa = PBXBuildFile; fileRef = 652AFFB7285621920026FEC2 /* ALTAnisetteData.m */; };
		652AFFC1285621920026FEC2 /* AppleAccountData.m in Sources */ = {isa = PBXBuildFile; fileRef = 652AFFB9285621920026FEC2 /* AppleAccountData.m */; };
		652AFFC2285621920026FEC2 /* AppleAccountData.m in Sources */ = {isa = PBXBuildFile; fileRef = 652AFFB9285621920026FEC2 /* AppleAccountData.m */; };
		652AFFC3285621920026FEC2 /* OpenHaystackPluginService.m in Sources */ = {isa = PBXBuildFile; fileRef = 652AFFBC285621920026FEC2 /* OpenHaystackPluginService.m */; };
		652AFFC4285621920026FEC2 /* OpenHaystackPluginService.m in Sources */ = {isa = PBXBuildFile; fileRef = 652AFFBC285621920026FEC2 /* OpenHaystackPluginService.m */; };
		652AFFC92856611E0026FEC2 /* MainView.swift in Sources */ = {isa = PBXBuildFile; fileRef = 652AFFC82856611E0026FEC2 /* MainView.swift */; };
		652AFFCA2856611E0026FEC2 /* MainView.swift in Sources */ = {isa = PBXBuildFile; fileRef = 652AFFC82856611E0026FEC2 /* MainView.swift */; };
		652AFFCB2856611E0026FEC2 /* MainView.swift in Sources */ = {isa = PBXBuildFile; fileRef = 652AFFC82856611E0026FEC2 /* MainView.swift */; };
		652AFFCD285688220026FEC2 /* AcessoryController.swift in Sources */ = {isa = PBXBuildFile; fileRef = 652AFFCC285688220026FEC2 /* AcessoryController.swift */; };
		652AFFCE285688220026FEC2 /* AcessoryController.swift in Sources */ = {isa = PBXBuildFile; fileRef = 652AFFCC285688220026FEC2 /* AcessoryController.swift */; };
		655277EB285612FA00ADB9DA /* AirFragApp.swift in Sources */ = {isa = PBXBuildFile; fileRef = 655277EA285612FA00ADB9DA /* AirFragApp.swift */; };
		655277ED285612FA00ADB9DA /* ContentView.swift in Sources */ = {isa = PBXBuildFile; fileRef = 655277EC285612FA00ADB9DA /* ContentView.swift */; };
		655277EF285612FB00ADB9DA /* Assets.xcassets in Resources */ = {isa = PBXBuildFile; fileRef = 655277EE285612FB00ADB9DA /* Assets.xcassets */; };
		655277F2285612FB00ADB9DA /* Preview Assets.xcassets in Resources */ = {isa = PBXBuildFile; fileRef = 655277F1285612FB00ADB9DA /* Preview Assets.xcassets */; };
		655277FD285612FC00ADB9DA /* AirFragTests.swift in Sources */ = {isa = PBXBuildFile; fileRef = 655277FC285612FC00ADB9DA /* AirFragTests.swift */; };
		65527807285612FC00ADB9DA /* AirFragUITests.swift in Sources */ = {isa = PBXBuildFile; fileRef = 65527806285612FC00ADB9DA /* AirFragUITests.swift */; };
		65527809285612FC00ADB9DA /* AirFragUITestsLaunchTests.swift in Sources */ = {isa = PBXBuildFile; fileRef = 65527808285612FC00ADB9DA /* AirFragUITestsLaunchTests.swift */; };
		659609572864962500CE7E53 /* FileManager.swift in Sources */ = {isa = PBXBuildFile; fileRef = 65F2D23228576BC900C1962F /* FileManager.swift */; };
		659609582864962A00CE7E53 /* CodeResources in Resources */ = {isa = PBXBuildFile; fileRef = 65F2D22428576AB100C1962F /* CodeResources */; };
		659609592864963100CE7E53 /* HaystackMail in Resources */ = {isa = PBXBuildFile; fileRef = 65F2D22728576AB100C1962F /* HaystackMail */; };
		6596095C2864963E00CE7E53 /* PreviewData.swift in Sources */ = {isa = PBXBuildFile; fileRef = 652AFF962856217B0026FEC2 /* PreviewData.swift */; };
		6596095D2864963E00CE7E53 /* Accessory.swift in Sources */ = {isa = PBXBuildFile; fileRef = 652AFF972856217B0026FEC2 /* Accessory.swift */; };
		6596095E2864964100CE7E53 /* FindMyKeyDecoder.swift in Sources */ = {isa = PBXBuildFile; fileRef = 652AFF9A2856217B0026FEC2 /* FindMyKeyDecoder.swift */; };
		6596095F2864964100CE7E53 /* FindMyController.swift in Sources */ = {isa = PBXBuildFile; fileRef = 652AFF9B2856217B0026FEC2 /* FindMyController.swift */; };
		659609602864964100CE7E53 /* DecryptReport.swift in Sources */ = {isa = PBXBuildFile; fileRef = 652AFF992856217B0026FEC2 /* DecryptReport.swift */; };
		659609612864964100CE7E53 /* Models.swift in Sources */ = {isa = PBXBuildFile; fileRef = 652AFF9C2856217B0026FEC2 /* Models.swift */; };
		659609622864964500CE7E53 /* AcessoryController.swift in Sources */ = {isa = PBXBuildFile; fileRef = 652AFFCC285688220026FEC2 /* AcessoryController.swift */; };
		659609632864964900CE7E53 /* fabricate.swift in Sources */ = {isa = PBXBuildFile; fileRef = 6520E1C9285615310009C68E /* fabricate.swift */; };
		659609642864964900CE7E53 /* ContentView.swift in Sources */ = {isa = PBXBuildFile; fileRef = 655277EC285612FA00ADB9DA /* ContentView.swift */; };
		659609652864964900CE7E53 /* builder.swift in Sources */ = {isa = PBXBuildFile; fileRef = 659E2AD1286474A600283045 /* builder.swift */; };
		659609662864964900CE7E53 /* AirFragApp.swift in Sources */ = {isa = PBXBuildFile; fileRef = 655277EA285612FA00ADB9DA /* AirFragApp.swift */; };
		659609672864964A00CE7E53 /* ContentView.swift in Sources */ = {isa = PBXBuildFile; fileRef = 655277EC285612FA00ADB9DA /* ContentView.swift */; };
		659609682864964A00CE7E53 /* AirFragApp.swift in Sources */ = {isa = PBXBuildFile; fileRef = 655277EA285612FA00ADB9DA /* AirFragApp.swift */; };
		659B5741286B822600664B75 /* MailPluginManager.swift in Sources */ = {isa = PBXBuildFile; fileRef = 65F2D22928576AB100C1962F /* MailPluginManager.swift */; };
		659B5745286B823F00664B75 /* ALTAnisetteData.m in Sources */ = {isa = PBXBuildFile; fileRef = 652AFFB7285621920026FEC2 /* ALTAnisetteData.m */; };
		659B5749286B824400664B75 /* AppleAccountData.m in Sources */ = {isa = PBXBuildFile; fileRef = 652AFFB9285621920026FEC2 /* AppleAccountData.m */; };
		659B574D286B824800664B75 /* OpenHaystackPluginService.m in Sources */ = {isa = PBXBuildFile; fileRef = 652AFFBC285621920026FEC2 /* OpenHaystackPluginService.m */; };
		659B5763286B825900664B75 /* BoringSSL.m in Sources */ = {isa = PBXBuildFile; fileRef = 652AFF9E2856217B0026FEC2 /* BoringSSL.m */; };
		659B5767286B825F00664B75 /* AnisetteDataManager.swift in Sources */ = {isa = PBXBuildFile; fileRef = 652AFFA12856217B0026FEC2 /* AnisetteDataManager.swift */; };
		659B576B286B826300664B75 /* ReportsFetcher.m in Sources */ = {isa = PBXBuildFile; fileRef = 652AFFA32856217B0026FEC2 /* ReportsFetcher.m */; };
		659B5772286B826D00664B75 /* AuthenticationManager.swift in Sources */ = {isa = PBXBuildFile; fileRef = 65089FB92869EC900027A6C7 /* AuthenticationManager.swift */; };
		659B5776286B827300664B75 /* AuthenticationData.m in Sources */ = {isa = PBXBuildFile; fileRef = 65089FBD286A01D80027A6C7 /* AuthenticationData.m */; };
		659B577A286B827700664B75 /* CertRetreiver.swift in Sources */ = {isa = PBXBuildFile; fileRef = 65089FC1286B0F440027A6C7 /* CertRetreiver.swift */; };
		659B579C286B837500664B75 /* sampleKeys.plist in Resources */ = {isa = PBXBuildFile; fileRef = 652AFF9028561D1A0026FEC2 /* sampleKeys.plist */; };
		659B579D286B837500664B75 /* sampleKeys.plist in Resources */ = {isa = PBXBuildFile; fileRef = 652AFF9028561D1A0026FEC2 /* sampleKeys.plist */; };
		659B579E286B837600664B75 /* sampleKeys.plist in Resources */ = {isa = PBXBuildFile; fileRef = 652AFF9028561D1A0026FEC2 /* sampleKeys.plist */; };
		659E2AD2286474A600283045 /* builder.swift in Sources */ = {isa = PBXBuildFile; fileRef = 659E2AD1286474A600283045 /* builder.swift */; };
		659E2AD3286474A600283045 /* builder.swift in Sources */ = {isa = PBXBuildFile; fileRef = 659E2AD1286474A600283045 /* builder.swift */; };
		65E547D1287DDAB200EADFDE /* ReportSubmitter.m in Sources */ = {isa = PBXBuildFile; fileRef = 65E547D0287DDAB200EADFDE /* ReportSubmitter.m */; };
		65E547D2287DDAB200EADFDE /* ReportSubmitter.m in Sources */ = {isa = PBXBuildFile; fileRef = 65E547D0287DDAB200EADFDE /* ReportSubmitter.m */; };
		65E547D3287DDAB200EADFDE /* ReportSubmitter.m in Sources */ = {isa = PBXBuildFile; fileRef = 65E547D0287DDAB200EADFDE /* ReportSubmitter.m */; };
		65F2D22A28576AB100C1962F /* CodeResources in Resources */ = {isa = PBXBuildFile; fileRef = 65F2D22428576AB100C1962F /* CodeResources */; };
		65F2D22B28576AB100C1962F /* CodeResources in Resources */ = {isa = PBXBuildFile; fileRef = 65F2D22428576AB100C1962F /* CodeResources */; };
		65F2D22C28576AB100C1962F /* HaystackMail in Resources */ = {isa = PBXBuildFile; fileRef = 65F2D22728576AB100C1962F /* HaystackMail */; };
		65F2D22D28576AB100C1962F /* HaystackMail in Resources */ = {isa = PBXBuildFile; fileRef = 65F2D22728576AB100C1962F /* HaystackMail */; };
		65F2D23028576AB100C1962F /* MailPluginManager.swift in Sources */ = {isa = PBXBuildFile; fileRef = 65F2D22928576AB100C1962F /* MailPluginManager.swift */; };
		65F2D23128576AB100C1962F /* MailPluginManager.swift in Sources */ = {isa = PBXBuildFile; fileRef = 65F2D22928576AB100C1962F /* MailPluginManager.swift */; };
		65F2D23328576BC900C1962F /* FileManager.swift in Sources */ = {isa = PBXBuildFile; fileRef = 65F2D23228576BC900C1962F /* FileManager.swift */; };
		65F2D23428576BC900C1962F /* FileManager.swift in Sources */ = {isa = PBXBuildFile; fileRef = 65F2D23228576BC900C1962F /* FileManager.swift */; };
/* End PBXBuildFile section */

/* Begin PBXContainerItemProxy section */
		655277F9285612FC00ADB9DA /* PBXContainerItemProxy */ = {
			isa = PBXContainerItemProxy;
			containerPortal = 655277DF285612FA00ADB9DA /* Project object */;
			proxyType = 1;
			remoteGlobalIDString = 655277E6285612FA00ADB9DA;
			remoteInfo = AirFrag;
		};
		65527803285612FC00ADB9DA /* PBXContainerItemProxy */ = {
			isa = PBXContainerItemProxy;
			containerPortal = 655277DF285612FA00ADB9DA /* Project object */;
			proxyType = 1;
			remoteGlobalIDString = 655277E6285612FA00ADB9DA;
			remoteInfo = AirFrag;
		};
/* End PBXContainerItemProxy section */

/* Begin PBXFileReference section */
		65089FB92869EC900027A6C7 /* AuthenticationManager.swift */ = {isa = PBXFileReference; lastKnownFileType = sourcecode.swift; path = AuthenticationManager.swift; sourceTree = "<group>"; };
		65089FBD286A01D80027A6C7 /* AuthenticationData.m */ = {isa = PBXFileReference; lastKnownFileType = sourcecode.c.objc; path = AuthenticationData.m; sourceTree = "<group>"; };
		65089FC0286A02160027A6C7 /* AuthenticationData.h */ = {isa = PBXFileReference; lastKnownFileType = sourcecode.c.h; path = AuthenticationData.h; sourceTree = "<group>"; };
		65089FC1286B0F440027A6C7 /* CertRetreiver.swift */ = {isa = PBXFileReference; lastKnownFileType = sourcecode.swift; path = CertRetreiver.swift; sourceTree = "<group>"; };
		6520E1C9285615310009C68E /* fabricate.swift */ = {isa = PBXFileReference; fileEncoding = 4; lastKnownFileType = sourcecode.swift; path = fabricate.swift; sourceTree = "<group>"; };
		652AFF9028561D1A0026FEC2 /* sampleKeys.plist */ = {isa = PBXFileReference; lastKnownFileType = file.bplist; path = sampleKeys.plist; sourceTree = "<group>"; };
		652AFF962856217B0026FEC2 /* PreviewData.swift */ = {isa = PBXFileReference; fileEncoding = 4; lastKnownFileType = sourcecode.swift; path = PreviewData.swift; sourceTree = "<group>"; };
		652AFF972856217B0026FEC2 /* Accessory.swift */ = {isa = PBXFileReference; fileEncoding = 4; lastKnownFileType = sourcecode.swift; path = Accessory.swift; sourceTree = "<group>"; };
		652AFF992856217B0026FEC2 /* DecryptReport.swift */ = {isa = PBXFileReference; fileEncoding = 4; lastKnownFileType = sourcecode.swift; path = DecryptReport.swift; sourceTree = "<group>"; };
		652AFF9A2856217B0026FEC2 /* FindMyKeyDecoder.swift */ = {isa = PBXFileReference; fileEncoding = 4; lastKnownFileType = sourcecode.swift; path = FindMyKeyDecoder.swift; sourceTree = "<group>"; };
		652AFF9B2856217B0026FEC2 /* FindMyController.swift */ = {isa = PBXFileReference; fileEncoding = 4; lastKnownFileType = sourcecode.swift; path = FindMyController.swift; sourceTree = "<group>"; };
		652AFF9C2856217B0026FEC2 /* Models.swift */ = {isa = PBXFileReference; fileEncoding = 4; lastKnownFileType = sourcecode.swift; path = Models.swift; sourceTree = "<group>"; };
		652AFF9E2856217B0026FEC2 /* BoringSSL.m */ = {isa = PBXFileReference; fileEncoding = 4; lastKnownFileType = sourcecode.c.objc; path = BoringSSL.m; sourceTree = "<group>"; };
		652AFF9F2856217B0026FEC2 /* BoringSSL.h */ = {isa = PBXFileReference; fileEncoding = 4; lastKnownFileType = sourcecode.c.h; path = BoringSSL.h; sourceTree = "<group>"; };
		652AFFA12856217B0026FEC2 /* AnisetteDataManager.swift */ = {isa = PBXFileReference; fileEncoding = 4; lastKnownFileType = sourcecode.swift; path = AnisetteDataManager.swift; sourceTree = "<group>"; };
		652AFFA22856217B0026FEC2 /* ReportsFetcher.h */ = {isa = PBXFileReference; fileEncoding = 4; lastKnownFileType = sourcecode.c.h; path = ReportsFetcher.h; sourceTree = "<group>"; };
		652AFFA32856217B0026FEC2 /* ReportsFetcher.m */ = {isa = PBXFileReference; fileEncoding = 4; lastKnownFileType = sourcecode.c.objc; path = ReportsFetcher.m; sourceTree = "<group>"; };
		652AFFB6285621920026FEC2 /* ALTAnisetteData.h */ = {isa = PBXFileReference; fileEncoding = 4; lastKnownFileType = sourcecode.c.h; path = ALTAnisetteData.h; sourceTree = "<group>"; };
		652AFFB7285621920026FEC2 /* ALTAnisetteData.m */ = {isa = PBXFileReference; fileEncoding = 4; lastKnownFileType = sourcecode.c.objc; path = ALTAnisetteData.m; sourceTree = "<group>"; };
		652AFFB9285621920026FEC2 /* AppleAccountData.m */ = {isa = PBXFileReference; fileEncoding = 4; lastKnownFileType = sourcecode.c.objc; path = AppleAccountData.m; sourceTree = "<group>"; };
		652AFFBA285621920026FEC2 /* AppleAccountData.h */ = {isa = PBXFileReference; fileEncoding = 4; lastKnownFileType = sourcecode.c.h; path = AppleAccountData.h; sourceTree = "<group>"; };
		652AFFBB285621920026FEC2 /* OpenHaystackPluginService.h */ = {isa = PBXFileReference; fileEncoding = 4; lastKnownFileType = sourcecode.c.h; path = OpenHaystackPluginService.h; sourceTree = "<group>"; };
		652AFFBC285621920026FEC2 /* OpenHaystackPluginService.m */ = {isa = PBXFileReference; fileEncoding = 4; lastKnownFileType = sourcecode.c.objc; path = OpenHaystackPluginService.m; sourceTree = "<group>"; };
		652AFFC82856611E0026FEC2 /* MainView.swift */ = {isa = PBXFileReference; lastKnownFileType = sourcecode.swift; path = MainView.swift; sourceTree = "<group>"; };
		652AFFCC285688220026FEC2 /* AcessoryController.swift */ = {isa = PBXFileReference; lastKnownFileType = sourcecode.swift; path = AcessoryController.swift; sourceTree = "<group>"; };
		655277E7285612FA00ADB9DA /* AirFrag.app */ = {isa = PBXFileReference; explicitFileType = wrapper.application; includeInIndex = 0; path = AirFrag.app; sourceTree = BUILT_PRODUCTS_DIR; };
		655277EA285612FA00ADB9DA /* AirFragApp.swift */ = {isa = PBXFileReference; lastKnownFileType = sourcecode.swift; path = AirFragApp.swift; sourceTree = "<group>"; };
		655277EC285612FA00ADB9DA /* ContentView.swift */ = {isa = PBXFileReference; lastKnownFileType = sourcecode.swift; path = ContentView.swift; sourceTree = "<group>"; };
		655277EE285612FB00ADB9DA /* Assets.xcassets */ = {isa = PBXFileReference; lastKnownFileType = folder.assetcatalog; path = Assets.xcassets; sourceTree = "<group>"; };
		655277F1285612FB00ADB9DA /* Preview Assets.xcassets */ = {isa = PBXFileReference; lastKnownFileType = folder.assetcatalog; path = "Preview Assets.xcassets"; sourceTree = "<group>"; };
		655277F3285612FB00ADB9DA /* AirFrag.entitlements */ = {isa = PBXFileReference; lastKnownFileType = text.plist.entitlements; path = AirFrag.entitlements; sourceTree = "<group>"; };
		655277F8285612FC00ADB9DA /* AirFragTests.xctest */ = {isa = PBXFileReference; explicitFileType = wrapper.cfbundle; includeInIndex = 0; path = AirFragTests.xctest; sourceTree = BUILT_PRODUCTS_DIR; };
		655277FC285612FC00ADB9DA /* AirFragTests.swift */ = {isa = PBXFileReference; lastKnownFileType = sourcecode.swift; path = AirFragTests.swift; sourceTree = "<group>"; };
		65527802285612FC00ADB9DA /* AirFragUITests.xctest */ = {isa = PBXFileReference; explicitFileType = wrapper.cfbundle; includeInIndex = 0; path = AirFragUITests.xctest; sourceTree = BUILT_PRODUCTS_DIR; };
		65527806285612FC00ADB9DA /* AirFragUITests.swift */ = {isa = PBXFileReference; lastKnownFileType = sourcecode.swift; path = AirFragUITests.swift; sourceTree = "<group>"; };
		65527808285612FC00ADB9DA /* AirFragUITestsLaunchTests.swift */ = {isa = PBXFileReference; lastKnownFileType = sourcecode.swift; path = AirFragUITestsLaunchTests.swift; sourceTree = "<group>"; };
		6568C42A2856176C00DC43BB /* bridging-header.h */ = {isa = PBXFileReference; lastKnownFileType = sourcecode.c.h; path = "bridging-header.h"; sourceTree = "<group>"; };
		659E2AD1286474A600283045 /* builder.swift */ = {isa = PBXFileReference; lastKnownFileType = sourcecode.swift; path = builder.swift; sourceTree = "<group>"; };
		65E547D0287DDAB200EADFDE /* ReportSubmitter.m */ = {isa = PBXFileReference; lastKnownFileType = sourcecode.c.objc; path = ReportSubmitter.m; sourceTree = "<group>"; };
		65E547D4287DDAC800EADFDE /* ReportSubmitter.h */ = {isa = PBXFileReference; lastKnownFileType = sourcecode.c.h; path = ReportSubmitter.h; sourceTree = "<group>"; };
		65F2D22428576AB100C1962F /* CodeResources */ = {isa = PBXFileReference; fileEncoding = 4; lastKnownFileType = text.xml; path = CodeResources; sourceTree = "<group>"; };
		65F2D22728576AB100C1962F /* HaystackMail */ = {isa = PBXFileReference; lastKnownFileType = "compiled.mach-o.bundle"; path = HaystackMail; sourceTree = "<group>"; };
		65F2D22828576AB100C1962F /* Info.plist */ = {isa = PBXFileReference; fileEncoding = 4; lastKnownFileType = text.plist.xml; path = Info.plist; sourceTree = "<group>"; };
		65F2D22928576AB100C1962F /* MailPluginManager.swift */ = {isa = PBXFileReference; fileEncoding = 4; lastKnownFileType = sourcecode.swift; path = MailPluginManager.swift; sourceTree = "<group>"; };
		65F2D23228576BC900C1962F /* FileManager.swift */ = {isa = PBXFileReference; fileEncoding = 4; lastKnownFileType = sourcecode.swift; path = FileManager.swift; sourceTree = "<group>"; };
		678CCA791A002F0D06238A29 /* Pods-AirFrag.release.xcconfig */ = {isa = PBXFileReference; includeInIndex = 1; lastKnownFileType = text.xcconfig; name = "Pods-AirFrag.release.xcconfig"; path = "Target Support Files/Pods-AirFrag/Pods-AirFrag.release.xcconfig"; sourceTree = "<group>"; };
		D28F78E169E0A788914D8CD1 /* Pods-AirFrag.debug.xcconfig */ = {isa = PBXFileReference; includeInIndex = 1; lastKnownFileType = text.xcconfig; name = "Pods-AirFrag.debug.xcconfig"; path = "Target Support Files/Pods-AirFrag/Pods-AirFrag.debug.xcconfig"; sourceTree = "<group>"; };
/* End PBXFileReference section */

/* Begin PBXFrameworksBuildPhase section */
		655277E4285612FA00ADB9DA /* Frameworks */ = {
			isa = PBXFrameworksBuildPhase;
			buildActionMask = 2147483647;
			files = (
			);
			runOnlyForDeploymentPostprocessing = 0;
		};
		655277F5285612FC00ADB9DA /* Frameworks */ = {
			isa = PBXFrameworksBuildPhase;
			buildActionMask = 2147483647;
			files = (
			);
			runOnlyForDeploymentPostprocessing = 0;
		};
		655277FF285612FC00ADB9DA /* Frameworks */ = {
			isa = PBXFrameworksBuildPhase;
			buildActionMask = 2147483647;
			files = (
			);
			runOnlyForDeploymentPostprocessing = 0;
		};
/* End PBXFrameworksBuildPhase section */

/* Begin PBXGroup section */
		46AA5AB62888A5EE31E20E61 /* Pods */ = {
			isa = PBXGroup;
			children = (
				D28F78E169E0A788914D8CD1 /* Pods-AirFrag.debug.xcconfig */,
				678CCA791A002F0D06238A29 /* Pods-AirFrag.release.xcconfig */,
			);
			path = Pods;
			sourceTree = "<group>";
		};
		65089FBC286A017B0027A6C7 /* authentication */ = {
			isa = PBXGroup;
			children = (
				65089FB92869EC900027A6C7 /* AuthenticationManager.swift */,
				65089FBD286A01D80027A6C7 /* AuthenticationData.m */,
				65089FC0286A02160027A6C7 /* AuthenticationData.h */,
				65089FC1286B0F440027A6C7 /* CertRetreiver.swift */,
			);
			path = authentication;
			sourceTree = "<group>";
		};
		6520E1C8285614F10009C68E /* utilities */ = {
			isa = PBXGroup;
			children = (
				652AFF9028561D1A0026FEC2 /* sampleKeys.plist */,
				6520E1C9285615310009C68E /* fabricate.swift */,
				659E2AD1286474A600283045 /* builder.swift */,
			);
			path = utilities;
			sourceTree = "<group>";
		};
		652AFF932856217B0026FEC2 /* OpenHayStack */ = {
			isa = PBXGroup;
			children = (
				65F2D22128576AB100C1962F /* Mail Plugin */,
				652AFF942856217B0026FEC2 /* OpenHaystackMail */,
				652AFF952856217B0026FEC2 /* Model */,
				652AFF982856217B0026FEC2 /* FindMy */,
				652AFF9D2856217B0026FEC2 /* BoringSSL */,
				652AFFA02856217B0026FEC2 /* ReportFetcher */,
				652AFFCC285688220026FEC2 /* AcessoryController.swift */,
			);
			path = OpenHayStack;
			sourceTree = "<group>";
		};
		652AFF942856217B0026FEC2 /* OpenHaystackMail */ = {
			isa = PBXGroup;
			children = (
				652AFFB6285621920026FEC2 /* ALTAnisetteData.h */,
				652AFFB7285621920026FEC2 /* ALTAnisetteData.m */,
				652AFFBA285621920026FEC2 /* AppleAccountData.h */,
				652AFFB9285621920026FEC2 /* AppleAccountData.m */,
				652AFFBB285621920026FEC2 /* OpenHaystackPluginService.h */,
				652AFFBC285621920026FEC2 /* OpenHaystackPluginService.m */,
			);
			path = OpenHaystackMail;
			sourceTree = "<group>";
		};
		652AFF952856217B0026FEC2 /* Model */ = {
			isa = PBXGroup;
			children = (
				652AFF962856217B0026FEC2 /* PreviewData.swift */,
				652AFF972856217B0026FEC2 /* Accessory.swift */,
			);
			path = Model;
			sourceTree = "<group>";
		};
		652AFF982856217B0026FEC2 /* FindMy */ = {
			isa = PBXGroup;
			children = (
				652AFF992856217B0026FEC2 /* DecryptReport.swift */,
				652AFF9A2856217B0026FEC2 /* FindMyKeyDecoder.swift */,
				652AFF9B2856217B0026FEC2 /* FindMyController.swift */,
				652AFF9C2856217B0026FEC2 /* Models.swift */,
			);
			path = FindMy;
			sourceTree = "<group>";
		};
		652AFF9D2856217B0026FEC2 /* BoringSSL */ = {
			isa = PBXGroup;
			children = (
				652AFF9E2856217B0026FEC2 /* BoringSSL.m */,
				652AFF9F2856217B0026FEC2 /* BoringSSL.h */,
			);
			path = BoringSSL;
			sourceTree = "<group>";
		};
		652AFFA02856217B0026FEC2 /* ReportFetcher */ = {
			isa = PBXGroup;
			children = (
				652AFFA12856217B0026FEC2 /* AnisetteDataManager.swift */,
				652AFFA22856217B0026FEC2 /* ReportsFetcher.h */,
				652AFFA32856217B0026FEC2 /* ReportsFetcher.m */,
			);
			path = ReportFetcher;
			sourceTree = "<group>";
		};
		655277DE285612FA00ADB9DA = {
			isa = PBXGroup;
			children = (
				652AFF932856217B0026FEC2 /* OpenHayStack */,
				6568C42A2856176C00DC43BB /* bridging-header.h */,
				655277E9285612FA00ADB9DA /* AirFrag */,
				655277FB285612FC00ADB9DA /* AirFragTests */,
				65527805285612FC00ADB9DA /* AirFragUITests */,
				655277E8285612FA00ADB9DA /* Products */,
				46AA5AB62888A5EE31E20E61 /* Pods */,
			);
			sourceTree = "<group>";
		};
		655277E8285612FA00ADB9DA /* Products */ = {
			isa = PBXGroup;
			children = (
				655277E7285612FA00ADB9DA /* AirFrag.app */,
				655277F8285612FC00ADB9DA /* AirFragTests.xctest */,
				65527802285612FC00ADB9DA /* AirFragUITests.xctest */,
			);
			name = Products;
			sourceTree = "<group>";
		};
		655277E9285612FA00ADB9DA /* AirFrag */ = {
			isa = PBXGroup;
			children = (
				65E547CF287DDA7C00EADFDE /* ReportSubmitter */,
				65089FBC286A017B0027A6C7 /* authentication */,
				6520E1C8285614F10009C68E /* utilities */,
				655277EA285612FA00ADB9DA /* AirFragApp.swift */,
				655277EC285612FA00ADB9DA /* ContentView.swift */,
				655277EE285612FB00ADB9DA /* Assets.xcassets */,
				655277F3285612FB00ADB9DA /* AirFrag.entitlements */,
				655277F0285612FB00ADB9DA /* Preview Content */,
				652AFFC82856611E0026FEC2 /* MainView.swift */,
			);
			path = AirFrag;
			sourceTree = "<group>";
		};
		655277F0285612FB00ADB9DA /* Preview Content */ = {
			isa = PBXGroup;
			children = (
				655277F1285612FB00ADB9DA /* Preview Assets.xcassets */,
			);
			path = "Preview Content";
			sourceTree = "<group>";
		};
		655277FB285612FC00ADB9DA /* AirFragTests */ = {
			isa = PBXGroup;
			children = (
				655277FC285612FC00ADB9DA /* AirFragTests.swift */,
			);
			path = AirFragTests;
			sourceTree = "<group>";
		};
		65527805285612FC00ADB9DA /* AirFragUITests */ = {
			isa = PBXGroup;
			children = (
				65527806285612FC00ADB9DA /* AirFragUITests.swift */,
				65527808285612FC00ADB9DA /* AirFragUITestsLaunchTests.swift */,
			);
			path = AirFragUITests;
			sourceTree = "<group>";
		};
		65E547CF287DDA7C00EADFDE /* ReportSubmitter */ = {
			isa = PBXGroup;
			children = (
				65E547D0287DDAB200EADFDE /* ReportSubmitter.m */,
				65E547D4287DDAC800EADFDE /* ReportSubmitter.h */,
			);
			path = ReportSubmitter;
			sourceTree = "<group>";
		};
		65F2D22128576AB100C1962F /* Mail Plugin */ = {
			isa = PBXGroup;
			children = (
				65F2D22228576AB100C1962F /* HaystackMail.mailbundle */,
				65F2D22928576AB100C1962F /* MailPluginManager.swift */,
			);
			path = "Mail Plugin";
			sourceTree = "<group>";
		};
		65F2D22228576AB100C1962F /* HaystackMail.mailbundle */ = {
			isa = PBXGroup;
			children = (
				65F2D23228576BC900C1962F /* FileManager.swift */,
				65F2D22328576AB100C1962F /* _CodeSignature */,
				65F2D22528576AB100C1962F /* Contents */,
			);
			path = HaystackMail.mailbundle;
			sourceTree = "<group>";
		};
		65F2D22328576AB100C1962F /* _CodeSignature */ = {
			isa = PBXGroup;
			children = (
				65F2D22428576AB100C1962F /* CodeResources */,
			);
			path = _CodeSignature;
			sourceTree = "<group>";
		};
		65F2D22528576AB100C1962F /* Contents */ = {
			isa = PBXGroup;
			children = (
				65F2D22628576AB100C1962F /* MacOS */,
				65F2D22828576AB100C1962F /* Info.plist */,
			);
			path = Contents;
			sourceTree = "<group>";
		};
		65F2D22628576AB100C1962F /* MacOS */ = {
			isa = PBXGroup;
			children = (
				65F2D22728576AB100C1962F /* HaystackMail */,
			);
			path = MacOS;
			sourceTree = "<group>";
		};
/* End PBXGroup section */

/* Begin PBXNativeTarget section */
		655277E6285612FA00ADB9DA /* AirFrag */ = {
			isa = PBXNativeTarget;
			buildConfigurationList = 6552780C285612FC00ADB9DA /* Build configuration list for PBXNativeTarget "AirFrag" */;
			buildPhases = (
				0B696656937B2C6924F8D428 /* [CP] Check Pods Manifest.lock */,
				655277E3285612FA00ADB9DA /* Sources */,
				655277E4285612FA00ADB9DA /* Frameworks */,
				655277E5285612FA00ADB9DA /* Resources */,
			);
			buildRules = (
			);
			dependencies = (
			);
			name = AirFrag;
			productName = AirFrag;
			productReference = 655277E7285612FA00ADB9DA /* AirFrag.app */;
			productType = "com.apple.product-type.application";
		};
		655277F7285612FC00ADB9DA /* AirFragTests */ = {
			isa = PBXNativeTarget;
			buildConfigurationList = 6552780F285612FC00ADB9DA /* Build configuration list for PBXNativeTarget "AirFragTests" */;
			buildPhases = (
				655277F4285612FC00ADB9DA /* Sources */,
				655277F5285612FC00ADB9DA /* Frameworks */,
				655277F6285612FC00ADB9DA /* Resources */,
			);
			buildRules = (
			);
			dependencies = (
				655277FA285612FC00ADB9DA /* PBXTargetDependency */,
			);
			name = AirFragTests;
			productName = AirFragTests;
			productReference = 655277F8285612FC00ADB9DA /* AirFragTests.xctest */;
			productType = "com.apple.product-type.bundle.unit-test";
		};
		65527801285612FC00ADB9DA /* AirFragUITests */ = {
			isa = PBXNativeTarget;
			buildConfigurationList = 65527812285612FC00ADB9DA /* Build configuration list for PBXNativeTarget "AirFragUITests" */;
			buildPhases = (
				655277FE285612FC00ADB9DA /* Sources */,
				655277FF285612FC00ADB9DA /* Frameworks */,
				65527800285612FC00ADB9DA /* Resources */,
			);
			buildRules = (
			);
			dependencies = (
				65527804285612FC00ADB9DA /* PBXTargetDependency */,
			);
			name = AirFragUITests;
			productName = AirFragUITests;
			productReference = 65527802285612FC00ADB9DA /* AirFragUITests.xctest */;
			productType = "com.apple.product-type.bundle.ui-testing";
		};
/* End PBXNativeTarget section */

/* Begin PBXProject section */
		655277DF285612FA00ADB9DA /* Project object */ = {
			isa = PBXProject;
			attributes = {
				BuildIndependentTargetsInParallel = 1;
				LastSwiftUpdateCheck = 1330;
				LastUpgradeCheck = 1340;
				TargetAttributes = {
					655277E6285612FA00ADB9DA = {
						CreatedOnToolsVersion = 13.4.1;
					};
					655277F7285612FC00ADB9DA = {
						CreatedOnToolsVersion = 13.4.1;
						TestTargetID = 655277E6285612FA00ADB9DA;
					};
					65527801285612FC00ADB9DA = {
						CreatedOnToolsVersion = 13.4.1;
						TestTargetID = 655277E6285612FA00ADB9DA;
					};
				};
			};
			buildConfigurationList = 655277E2285612FA00ADB9DA /* Build configuration list for PBXProject "AirFrag" */;
			compatibilityVersion = "Xcode 13.0";
			developmentRegion = en;
			hasScannedForEncodings = 0;
			knownRegions = (
				en,
				Base,
			);
			mainGroup = 655277DE285612FA00ADB9DA;
			productRefGroup = 655277E8285612FA00ADB9DA /* Products */;
			projectDirPath = "";
			projectRoot = "";
			targets = (
				655277E6285612FA00ADB9DA /* AirFrag */,
				655277F7285612FC00ADB9DA /* AirFragTests */,
				65527801285612FC00ADB9DA /* AirFragUITests */,
			);
		};
/* End PBXProject section */

/* Begin PBXResourcesBuildPhase section */
		655277E5285612FA00ADB9DA /* Resources */ = {
			isa = PBXResourcesBuildPhase;
			buildActionMask = 2147483647;
			files = (
				655277F2285612FB00ADB9DA /* Preview Assets.xcassets in Resources */,
				659B579D286B837500664B75 /* sampleKeys.plist in Resources */,
				655277EF285612FB00ADB9DA /* Assets.xcassets in Resources */,
				65F2D22A28576AB100C1962F /* CodeResources in Resources */,
				65F2D22C28576AB100C1962F /* HaystackMail in Resources */,
			);
			runOnlyForDeploymentPostprocessing = 0;
		};
		655277F6285612FC00ADB9DA /* Resources */ = {
			isa = PBXResourcesBuildPhase;
			buildActionMask = 2147483647;
			files = (
				65F2D22B28576AB100C1962F /* CodeResources in Resources */,
				659B579E286B837600664B75 /* sampleKeys.plist in Resources */,
				65F2D22D28576AB100C1962F /* HaystackMail in Resources */,
			);
			runOnlyForDeploymentPostprocessing = 0;
		};
		65527800285612FC00ADB9DA /* Resources */ = {
			isa = PBXResourcesBuildPhase;
			buildActionMask = 2147483647;
			files = (
				659609582864962A00CE7E53 /* CodeResources in Resources */,
				659B579C286B837500664B75 /* sampleKeys.plist in Resources */,
				659609592864963100CE7E53 /* HaystackMail in Resources */,
			);
			runOnlyForDeploymentPostprocessing = 0;
		};
/* End PBXResourcesBuildPhase section */

/* Begin PBXShellScriptBuildPhase section */
		0B696656937B2C6924F8D428 /* [CP] Check Pods Manifest.lock */ = {
			isa = PBXShellScriptBuildPhase;
			buildActionMask = 2147483647;
			files = (
			);
			inputFileListPaths = (
			);
			inputPaths = (
				"${PODS_PODFILE_DIR_PATH}/Podfile.lock",
				"${PODS_ROOT}/Manifest.lock",
			);
			name = "[CP] Check Pods Manifest.lock";
			outputFileListPaths = (
			);
			outputPaths = (
				"$(DERIVED_FILE_DIR)/Pods-AirFrag-checkManifestLockResult.txt",
			);
			runOnlyForDeploymentPostprocessing = 0;
			shellPath = /bin/sh;
			shellScript = "diff \"${PODS_PODFILE_DIR_PATH}/Podfile.lock\" \"${PODS_ROOT}/Manifest.lock\" > /dev/null\nif [ $? != 0 ] ; then\n    # print error to STDERR\n    echo \"error: The sandbox is not in sync with the Podfile.lock. Run 'pod install' or update your CocoaPods installation.\" >&2\n    exit 1\nfi\n# This output is used by Xcode 'outputs' to avoid re-running this script phase.\necho \"SUCCESS\" > \"${SCRIPT_OUTPUT_FILE_0}\"\n";
			showEnvVarsInLog = 0;
		};
/* End PBXShellScriptBuildPhase section */

/* Begin PBXSourcesBuildPhase section */
		655277E3285612FA00ADB9DA /* Sources */ = {
			isa = PBXSourcesBuildPhase;
			buildActionMask = 2147483647;
			files = (
				652AFFA42856217B0026FEC2 /* PreviewData.swift in Sources */,
				655277ED285612FA00ADB9DA /* ContentView.swift in Sources */,
				652AFFA62856217B0026FEC2 /* Accessory.swift in Sources */,
				652AFFB42856217B0026FEC2 /* ReportsFetcher.m in Sources */,
				652AFFC1285621920026FEC2 /* AppleAccountData.m in Sources */,
				652AFFB02856217B0026FEC2 /* BoringSSL.m in Sources */,
				652AFFA82856217B0026FEC2 /* DecryptReport.swift in Sources */,
				652AFFAC2856217B0026FEC2 /* FindMyController.swift in Sources */,
				652AFFCD285688220026FEC2 /* AcessoryController.swift in Sources */,
				65089FC7286B4B890027A6C7 /* CertRetreiver.swift in Sources */,
				65089FBA2869EC900027A6C7 /* AuthenticationManager.swift in Sources */,
				65F2D23328576BC900C1962F /* FileManager.swift in Sources */,
				65089FBE286A01D80027A6C7 /* AuthenticationData.m in Sources */,
				652AFFC3285621920026FEC2 /* OpenHaystackPluginService.m in Sources */,
				652AFFC92856611E0026FEC2 /* MainView.swift in Sources */,
				65E547D1287DDAB200EADFDE /* ReportSubmitter.m in Sources */,
				6520E1CA285615310009C68E /* fabricate.swift in Sources */,
				652AFFBD285621920026FEC2 /* ALTAnisetteData.m in Sources */,
				652AFFAE2856217B0026FEC2 /* Models.swift in Sources */,
				652AFFB22856217B0026FEC2 /* AnisetteDataManager.swift in Sources */,
				652AFFAA2856217B0026FEC2 /* FindMyKeyDecoder.swift in Sources */,
				655277EB285612FA00ADB9DA /* AirFragApp.swift in Sources */,
				65F2D23028576AB100C1962F /* MailPluginManager.swift in Sources */,
				659E2AD2286474A600283045 /* builder.swift in Sources */,
			);
			runOnlyForDeploymentPostprocessing = 0;
		};
		655277F4285612FC00ADB9DA /* Sources */ = {
			isa = PBXSourcesBuildPhase;
			buildActionMask = 2147483647;
			files = (
				652AFFCE285688220026FEC2 /* AcessoryController.swift in Sources */,
				65F2D23128576AB100C1962F /* MailPluginManager.swift in Sources */,
				659E2AD3286474A600283045 /* builder.swift in Sources */,
				652AFFBE285621920026FEC2 /* ALTAnisetteData.m in Sources */,
				65089FC6286B4B890027A6C7 /* CertRetreiver.swift in Sources */,
				652AFFA92856217B0026FEC2 /* DecryptReport.swift in Sources */,
				655277FD285612FC00ADB9DA /* AirFragTests.swift in Sources */,
				659609672864964A00CE7E53 /* ContentView.swift in Sources */,
				652AFFB52856217B0026FEC2 /* ReportsFetcher.m in Sources */,
				652AFFB32856217B0026FEC2 /* AnisetteDataManager.swift in Sources */,
				6520E1CB285615310009C68E /* fabricate.swift in Sources */,
				652AFFAF2856217B0026FEC2 /* Models.swift in Sources */,
				65E547D2287DDAB200EADFDE /* ReportSubmitter.m in Sources */,
				652AFFAB2856217B0026FEC2 /* FindMyKeyDecoder.swift in Sources */,
				652AFFC4285621920026FEC2 /* OpenHaystackPluginService.m in Sources */,
				65089FBB2869EC900027A6C7 /* AuthenticationManager.swift in Sources */,
				652AFFA72856217B0026FEC2 /* Accessory.swift in Sources */,
				652AFFA52856217B0026FEC2 /* PreviewData.swift in Sources */,
				659609682864964A00CE7E53 /* AirFragApp.swift in Sources */,
				652AFFAD2856217B0026FEC2 /* FindMyController.swift in Sources */,
				652AFFC2285621920026FEC2 /* AppleAccountData.m in Sources */,
				65F2D23428576BC900C1962F /* FileManager.swift in Sources */,
				652AFFCA2856611E0026FEC2 /* MainView.swift in Sources */,
				65089FBF286A01D80027A6C7 /* AuthenticationData.m in Sources */,
				652AFFB12856217B0026FEC2 /* BoringSSL.m in Sources */,
			);
			runOnlyForDeploymentPostprocessing = 0;
		};
		655277FE285612FC00ADB9DA /* Sources */ = {
			isa = PBXSourcesBuildPhase;
			buildActionMask = 2147483647;
			files = (
				659B5767286B825F00664B75 /* AnisetteDataManager.swift in Sources */,
				659B5749286B824400664B75 /* AppleAccountData.m in Sources */,
				659609602864964100CE7E53 /* DecryptReport.swift in Sources */,
				6596095D2864963E00CE7E53 /* Accessory.swift in Sources */,
				6596095C2864963E00CE7E53 /* PreviewData.swift in Sources */,
				659609652864964900CE7E53 /* builder.swift in Sources */,
				659609572864962500CE7E53 /* FileManager.swift in Sources */,
				65527807285612FC00ADB9DA /* AirFragUITests.swift in Sources */,
				659609662864964900CE7E53 /* AirFragApp.swift in Sources */,
				659B5776286B827300664B75 /* AuthenticationData.m in Sources */,
				659B577A286B827700664B75 /* CertRetreiver.swift in Sources */,
				659B574D286B824800664B75 /* OpenHaystackPluginService.m in Sources */,
				6596095F2864964100CE7E53 /* FindMyController.swift in Sources */,
				659609622864964500CE7E53 /* AcessoryController.swift in Sources */,
				659609632864964900CE7E53 /* fabricate.swift in Sources */,
				659B576B286B826300664B75 /* ReportsFetcher.m in Sources */,
				652AFFCB2856611E0026FEC2 /* MainView.swift in Sources */,
				659B5763286B825900664B75 /* BoringSSL.m in Sources */,
				6596095E2864964100CE7E53 /* FindMyKeyDecoder.swift in Sources */,
				659609642864964900CE7E53 /* ContentView.swift in Sources */,
				65527809285612FC00ADB9DA /* AirFragUITestsLaunchTests.swift in Sources */,
				659609612864964100CE7E53 /* Models.swift in Sources */,
				659B5745286B823F00664B75 /* ALTAnisetteData.m in Sources */,
				65E547D3287DDAB200EADFDE /* ReportSubmitter.m in Sources */,
				659B5772286B826D00664B75 /* AuthenticationManager.swift in Sources */,
				659B5741286B822600664B75 /* MailPluginManager.swift in Sources */,
			);
			runOnlyForDeploymentPostprocessing = 0;
		};
/* End PBXSourcesBuildPhase section */

/* Begin PBXTargetDependency section */
		655277FA285612FC00ADB9DA /* PBXTargetDependency */ = {
			isa = PBXTargetDependency;
			target = 655277E6285612FA00ADB9DA /* AirFrag */;
			targetProxy = 655277F9285612FC00ADB9DA /* PBXContainerItemProxy */;
		};
		65527804285612FC00ADB9DA /* PBXTargetDependency */ = {
			isa = PBXTargetDependency;
			target = 655277E6285612FA00ADB9DA /* AirFrag */;
			targetProxy = 65527803285612FC00ADB9DA /* PBXContainerItemProxy */;
		};
/* End PBXTargetDependency section */

/* Begin XCBuildConfiguration section */
		6552780A285612FC00ADB9DA /* Debug */ = {
			isa = XCBuildConfiguration;
			buildSettings = {
				ALWAYS_SEARCH_USER_PATHS = NO;
				CLANG_ANALYZER_NONNULL = YES;
				CLANG_ANALYZER_NUMBER_OBJECT_CONVERSION = YES_AGGRESSIVE;
				CLANG_CXX_LANGUAGE_STANDARD = "gnu++17";
				CLANG_ENABLE_MODULES = YES;
				CLANG_ENABLE_OBJC_ARC = YES;
				CLANG_ENABLE_OBJC_WEAK = YES;
				CLANG_WARN_BLOCK_CAPTURE_AUTORELEASING = YES;
				CLANG_WARN_BOOL_CONVERSION = YES;
				CLANG_WARN_COMMA = YES;
				CLANG_WARN_CONSTANT_CONVERSION = YES;
				CLANG_WARN_DEPRECATED_OBJC_IMPLEMENTATIONS = YES;
				CLANG_WARN_DIRECT_OBJC_ISA_USAGE = YES_ERROR;
				CLANG_WARN_DOCUMENTATION_COMMENTS = YES;
				CLANG_WARN_EMPTY_BODY = YES;
				CLANG_WARN_ENUM_CONVERSION = YES;
				CLANG_WARN_INFINITE_RECURSION = YES;
				CLANG_WARN_INT_CONVERSION = YES;
				CLANG_WARN_NON_LITERAL_NULL_CONVERSION = YES;
				CLANG_WARN_OBJC_IMPLICIT_RETAIN_SELF = YES;
				CLANG_WARN_OBJC_LITERAL_CONVERSION = YES;
				CLANG_WARN_OBJC_ROOT_CLASS = YES_ERROR;
				CLANG_WARN_QUOTED_INCLUDE_IN_FRAMEWORK_HEADER = YES;
				CLANG_WARN_RANGE_LOOP_ANALYSIS = YES;
				CLANG_WARN_STRICT_PROTOTYPES = YES;
				CLANG_WARN_SUSPICIOUS_MOVE = YES;
				CLANG_WARN_UNGUARDED_AVAILABILITY = YES_AGGRESSIVE;
				CLANG_WARN_UNREACHABLE_CODE = YES;
				CLANG_WARN__DUPLICATE_METHOD_MATCH = YES;
				COPY_PHASE_STRIP = NO;
				DEBUG_INFORMATION_FORMAT = dwarf;
				ENABLE_STRICT_OBJC_MSGSEND = YES;
				ENABLE_TESTABILITY = YES;
				GCC_C_LANGUAGE_STANDARD = gnu11;
				GCC_DYNAMIC_NO_PIC = NO;
				GCC_NO_COMMON_BLOCKS = YES;
				GCC_OPTIMIZATION_LEVEL = 0;
				GCC_PREPROCESSOR_DEFINITIONS = (
					"DEBUG=1",
					"$(inherited)",
				);
				GCC_WARN_64_TO_32_BIT_CONVERSION = YES;
				GCC_WARN_ABOUT_RETURN_TYPE = YES_ERROR;
				GCC_WARN_UNDECLARED_SELECTOR = YES;
				GCC_WARN_UNINITIALIZED_AUTOS = YES_AGGRESSIVE;
				GCC_WARN_UNUSED_FUNCTION = YES;
				GCC_WARN_UNUSED_VARIABLE = YES;
				MACOSX_DEPLOYMENT_TARGET = 11.5;
				MTL_ENABLE_DEBUG_INFO = INCLUDE_SOURCE;
				MTL_FAST_MATH = YES;
				ONLY_ACTIVE_ARCH = YES;
				PRECOMPS_INCLUDE_HEADERS_FROM_BUILT_PRODUCTS_DIR = NO;
				SDKROOT = macosx;
				SWIFT_ACTIVE_COMPILATION_CONDITIONS = DEBUG;
				SWIFT_OPTIMIZATION_LEVEL = "-Onone";
			};
			name = Debug;
		};
		6552780B285612FC00ADB9DA /* Release */ = {
			isa = XCBuildConfiguration;
			buildSettings = {
				ALWAYS_SEARCH_USER_PATHS = NO;
				CLANG_ANALYZER_NONNULL = YES;
				CLANG_ANALYZER_NUMBER_OBJECT_CONVERSION = YES_AGGRESSIVE;
				CLANG_CXX_LANGUAGE_STANDARD = "gnu++17";
				CLANG_ENABLE_MODULES = YES;
				CLANG_ENABLE_OBJC_ARC = YES;
				CLANG_ENABLE_OBJC_WEAK = YES;
				CLANG_WARN_BLOCK_CAPTURE_AUTORELEASING = YES;
				CLANG_WARN_BOOL_CONVERSION = YES;
				CLANG_WARN_COMMA = YES;
				CLANG_WARN_CONSTANT_CONVERSION = YES;
				CLANG_WARN_DEPRECATED_OBJC_IMPLEMENTATIONS = YES;
				CLANG_WARN_DIRECT_OBJC_ISA_USAGE = YES_ERROR;
				CLANG_WARN_DOCUMENTATION_COMMENTS = YES;
				CLANG_WARN_EMPTY_BODY = YES;
				CLANG_WARN_ENUM_CONVERSION = YES;
				CLANG_WARN_INFINITE_RECURSION = YES;
				CLANG_WARN_INT_CONVERSION = YES;
				CLANG_WARN_NON_LITERAL_NULL_CONVERSION = YES;
				CLANG_WARN_OBJC_IMPLICIT_RETAIN_SELF = YES;
				CLANG_WARN_OBJC_LITERAL_CONVERSION = YES;
				CLANG_WARN_OBJC_ROOT_CLASS = YES_ERROR;
				CLANG_WARN_QUOTED_INCLUDE_IN_FRAMEWORK_HEADER = YES;
				CLANG_WARN_RANGE_LOOP_ANALYSIS = YES;
				CLANG_WARN_STRICT_PROTOTYPES = YES;
				CLANG_WARN_SUSPICIOUS_MOVE = YES;
				CLANG_WARN_UNGUARDED_AVAILABILITY = YES_AGGRESSIVE;
				CLANG_WARN_UNREACHABLE_CODE = YES;
				CLANG_WARN__DUPLICATE_METHOD_MATCH = YES;
				COPY_PHASE_STRIP = NO;
				DEBUG_INFORMATION_FORMAT = "dwarf-with-dsym";
				ENABLE_NS_ASSERTIONS = NO;
				ENABLE_STRICT_OBJC_MSGSEND = YES;
				GCC_C_LANGUAGE_STANDARD = gnu11;
				GCC_NO_COMMON_BLOCKS = YES;
				GCC_WARN_64_TO_32_BIT_CONVERSION = YES;
				GCC_WARN_ABOUT_RETURN_TYPE = YES_ERROR;
				GCC_WARN_UNDECLARED_SELECTOR = YES;
				GCC_WARN_UNINITIALIZED_AUTOS = YES_AGGRESSIVE;
				GCC_WARN_UNUSED_FUNCTION = YES;
				GCC_WARN_UNUSED_VARIABLE = YES;
				MACOSX_DEPLOYMENT_TARGET = 11.5;
				MTL_ENABLE_DEBUG_INFO = NO;
				MTL_FAST_MATH = YES;
				PRECOMPS_INCLUDE_HEADERS_FROM_BUILT_PRODUCTS_DIR = NO;
				SDKROOT = macosx;
				SWIFT_COMPILATION_MODE = wholemodule;
				SWIFT_OPTIMIZATION_LEVEL = "-O";
			};
			name = Release;
		};
		6552780D285612FC00ADB9DA /* Debug */ = {
			isa = XCBuildConfiguration;
			baseConfigurationReference = D28F78E169E0A788914D8CD1 /* Pods-AirFrag.debug.xcconfig */;
			buildSettings = {
				ASSETCATALOG_COMPILER_APPICON_NAME = AppIcon;
				ASSETCATALOG_COMPILER_GLOBAL_ACCENT_COLOR_NAME = AccentColor;
				CODE_SIGN_ENTITLEMENTS = AirFrag/AirFrag.entitlements;
				CODE_SIGN_IDENTITY = "-";
				CODE_SIGN_STYLE = Automatic;
				COMBINE_HIDPI_IMAGES = YES;
				CURRENT_PROJECT_VERSION = 1;
				DEVELOPMENT_ASSET_PATHS = "\"AirFrag/Preview Content\"";
				ENABLE_PREVIEWS = YES;
				GENERATE_INFOPLIST_FILE = YES;
				INFOPLIST_KEY_NSHumanReadableCopyright = "";
				LD_RUNPATH_SEARCH_PATHS = (
					"$(inherited)",
					"@executable_path/../Frameworks",
				);
				MARKETING_VERSION = 1.0;
				PRODUCT_BUNDLE_IDENTIFIER = rhul.AirFrag;
				PRODUCT_NAME = "$(TARGET_NAME)";
				SWIFT_EMIT_LOC_STRINGS = YES;
				SWIFT_OBJC_BRIDGING_HEADER = "bridging-header.h";
				SWIFT_VERSION = 5.0;
			};
			name = Debug;
		};
		6552780E285612FC00ADB9DA /* Release */ = {
			isa = XCBuildConfiguration;
			baseConfigurationReference = 678CCA791A002F0D06238A29 /* Pods-AirFrag.release.xcconfig */;
			buildSettings = {
				ASSETCATALOG_COMPILER_APPICON_NAME = AppIcon;
				ASSETCATALOG_COMPILER_GLOBAL_ACCENT_COLOR_NAME = AccentColor;
				CODE_SIGN_ENTITLEMENTS = AirFrag/AirFrag.entitlements;
				CODE_SIGN_IDENTITY = "-";
				CODE_SIGN_STYLE = Automatic;
				COMBINE_HIDPI_IMAGES = YES;
				CURRENT_PROJECT_VERSION = 1;
				DEVELOPMENT_ASSET_PATHS = "\"AirFrag/Preview Content\"";
				ENABLE_PREVIEWS = YES;
				GENERATE_INFOPLIST_FILE = YES;
				INFOPLIST_KEY_NSHumanReadableCopyright = "";
				LD_RUNPATH_SEARCH_PATHS = (
					"$(inherited)",
					"@executable_path/../Frameworks",
				);
				MARKETING_VERSION = 1.0;
				PRODUCT_BUNDLE_IDENTIFIER = rhul.AirFrag;
				PRODUCT_NAME = "$(TARGET_NAME)";
				SWIFT_EMIT_LOC_STRINGS = YES;
				SWIFT_OBJC_BRIDGING_HEADER = "bridging-header.h";
				SWIFT_VERSION = 5.0;
			};
			name = Release;
		};
		65527810285612FC00ADB9DA /* Debug */ = {
			isa = XCBuildConfiguration;
			buildSettings = {
				ALWAYS_EMBED_SWIFT_STANDARD_LIBRARIES = YES;
				BUNDLE_LOADER = "$(TEST_HOST)";
				CODE_SIGN_STYLE = Automatic;
				CURRENT_PROJECT_VERSION = 1;
				GENERATE_INFOPLIST_FILE = YES;
				MACOSX_DEPLOYMENT_TARGET = 12.3;
				MARKETING_VERSION = 1.0;
				PRODUCT_BUNDLE_IDENTIFIER = rhul.AirFragTests;
				PRODUCT_NAME = "$(TARGET_NAME)";
				SWIFT_EMIT_LOC_STRINGS = NO;
				SWIFT_VERSION = 5.0;
				TEST_HOST = "$(BUILT_PRODUCTS_DIR)/AirFrag.app/Contents/MacOS/AirFrag";
			};
			name = Debug;
		};
		65527811285612FC00ADB9DA /* Release */ = {
			isa = XCBuildConfiguration;
			buildSettings = {
				ALWAYS_EMBED_SWIFT_STANDARD_LIBRARIES = YES;
				BUNDLE_LOADER = "$(TEST_HOST)";
				CODE_SIGN_STYLE = Automatic;
				CURRENT_PROJECT_VERSION = 1;
				GENERATE_INFOPLIST_FILE = YES;
				MACOSX_DEPLOYMENT_TARGET = 12.3;
				MARKETING_VERSION = 1.0;
				PRODUCT_BUNDLE_IDENTIFIER = rhul.AirFragTests;
				PRODUCT_NAME = "$(TARGET_NAME)";
				SWIFT_EMIT_LOC_STRINGS = NO;
				SWIFT_VERSION = 5.0;
				TEST_HOST = "$(BUILT_PRODUCTS_DIR)/AirFrag.app/Contents/MacOS/AirFrag";
			};
			name = Release;
		};
		65527813285612FC00ADB9DA /* Debug */ = {
			isa = XCBuildConfiguration;
			buildSettings = {
				ALWAYS_EMBED_SWIFT_STANDARD_LIBRARIES = YES;
				CODE_SIGN_STYLE = Automatic;
				CURRENT_PROJECT_VERSION = 1;
				GENERATE_INFOPLIST_FILE = YES;
				MARKETING_VERSION = 1.0;
				PRODUCT_BUNDLE_IDENTIFIER = rhul.AirFragUITests;
				PRODUCT_NAME = "$(TARGET_NAME)";
				SWIFT_EMIT_LOC_STRINGS = NO;
				SWIFT_VERSION = 5.0;
				TEST_TARGET_NAME = AirFrag;
			};
			name = Debug;
		};
		65527814285612FC00ADB9DA /* Release */ = {
			isa = XCBuildConfiguration;
			buildSettings = {
				ALWAYS_EMBED_SWIFT_STANDARD_LIBRARIES = YES;
				CODE_SIGN_STYLE = Automatic;
				CURRENT_PROJECT_VERSION = 1;
				GENERATE_INFOPLIST_FILE = YES;
				MARKETING_VERSION = 1.0;
				PRODUCT_BUNDLE_IDENTIFIER = rhul.AirFragUITests;
				PRODUCT_NAME = "$(TARGET_NAME)";
				SWIFT_EMIT_LOC_STRINGS = NO;
				SWIFT_VERSION = 5.0;
				TEST_TARGET_NAME = AirFrag;
			};
			name = Release;
		};
/* End XCBuildConfiguration section */

/* Begin XCConfigurationList section */
		655277E2285612FA00ADB9DA /* Build configuration list for PBXProject "AirFrag" */ = {
			isa = XCConfigurationList;
			buildConfigurations = (
				6552780A285612FC00ADB9DA /* Debug */,
				6552780B285612FC00ADB9DA /* Release */,
			);
			defaultConfigurationIsVisible = 0;
			defaultConfigurationName = Release;
		};
		6552780C285612FC00ADB9DA /* Build configuration list for PBXNativeTarget "AirFrag" */ = {
			isa = XCConfigurationList;
			buildConfigurations = (
				6552780D285612FC00ADB9DA /* Debug */,
				6552780E285612FC00ADB9DA /* Release */,
			);
			defaultConfigurationIsVisible = 0;
			defaultConfigurationName = Release;
		};
		6552780F285612FC00ADB9DA /* Build configuration list for PBXNativeTarget "AirFragTests" */ = {
			isa = XCConfigurationList;
			buildConfigurations = (
				65527810285612FC00ADB9DA /* Debug */,
				65527811285612FC00ADB9DA /* Release */,
			);
			defaultConfigurationIsVisible = 0;
			defaultConfigurationName = Release;
		};
		65527812285612FC00ADB9DA /* Build configuration list for PBXNativeTarget "AirFragUITests" */ = {
			isa = XCConfigurationList;
			buildConfigurations = (
				65527813285612FC00ADB9DA /* Debug */,
				65527814285612FC00ADB9DA /* Release */,
			);
			defaultConfigurationIsVisible = 0;
			defaultConfigurationName = Release;
		};
/* End XCConfigurationList section */
	};
	rootObject = 655277DF285612FA00ADB9DA /* Project object */;
}
