// !$*UTF8*$!
{
	archiveVersion = 1;
	classes = {
	};
	objectVersion = 55;
	objects = {

/* Begin PBXBuildFile section */
		2A764978AE057EBB9257F92F /* libPods-AirFrag.a in Frameworks */ = {isa = PBXBuildFile; fileRef = 6A57D078A8AF5D85CE529423 /* libPods-AirFrag.a */; };
		6541CC1B2852AC21008981FA /* AnisetteDataManager.swift in Sources */ = {isa = PBXBuildFile; fileRef = 6587988F2852A4C400D04735 /* AnisetteDataManager.swift */; };
		65445F8E2854D23200932B11 /* AppleAccountData.m in Sources */ = {isa = PBXBuildFile; fileRef = 65445F882854D23200932B11 /* AppleAccountData.m */; };
		65445F8F2854D23200932B11 /* OpenHaystackPluginService.m in Sources */ = {isa = PBXBuildFile; fileRef = 65445F8C2854D23200932B11 /* OpenHaystackPluginService.m */; };
		65445F902854D23200932B11 /* ALTAnisetteData.m in Sources */ = {isa = PBXBuildFile; fileRef = 65445F8D2854D23200932B11 /* ALTAnisetteData.m */; };
		65445F922854D81500932B11 /* fabricate.swift in Sources */ = {isa = PBXBuildFile; fileRef = 65445F912854D81500932B11 /* fabricate.swift */; };
		6606E9982851FC1F006D656D /* FindMyKeyDecoder.swift in Sources */ = {isa = PBXBuildFile; fileRef = 6606E9972851FC1F006D656D /* FindMyKeyDecoder.swift */; };
		6606E99C2851FC5A006D656D /* DecryptReport.swift in Sources */ = {isa = PBXBuildFile; fileRef = 6606E99B2851FC5A006D656D /* DecryptReport.swift */; };
		6606E99F2851FE3A006D656D /* BoringSSL.m in Sources */ = {isa = PBXBuildFile; fileRef = 6606E99E2851FE3A006D656D /* BoringSSL.m */; };
		6615311D2851493100D0F58D /* main.swift in Sources */ = {isa = PBXBuildFile; fileRef = 6615311C2851493100D0F58D /* main.swift */; };
		6615312428514A1900D0F58D /* Models.swift in Sources */ = {isa = PBXBuildFile; fileRef = 6615312328514A1900D0F58D /* Models.swift */; };
		66B54E39285154B5007A1C75 /* Accessory.swift in Sources */ = {isa = PBXBuildFile; fileRef = 66B54E38285154B5007A1C75 /* Accessory.swift */; };
		66B54E3B2851554E007A1C75 /* PreviewData.swift in Sources */ = {isa = PBXBuildFile; fileRef = 66B54E3A2851554E007A1C75 /* PreviewData.swift */; };
		66B54E3D28515A12007A1C75 /* FindMyController.swift in Sources */ = {isa = PBXBuildFile; fileRef = 66B54E3C28515A12007A1C75 /* FindMyController.swift */; };
		66B54E4228515B55007A1C75 /* ReportsFetcher.m in Sources */ = {isa = PBXBuildFile; fileRef = 66B54E4128515B55007A1C75 /* ReportsFetcher.m */; };
/* End PBXBuildFile section */

/* Begin PBXCopyFilesBuildPhase section */
		661531172851493100D0F58D /* CopyFiles */ = {
			isa = PBXCopyFilesBuildPhase;
			buildActionMask = 2147483647;
			dstPath = /usr/share/man/man1/;
			dstSubfolderSpec = 0;
			files = (
			);
			runOnlyForDeploymentPostprocessing = 1;
		};
/* End PBXCopyFilesBuildPhase section */

/* Begin PBXFileReference section */
		24D2B24A862EB578A6AF6D18 /* Pods-AirFrag.release.xcconfig */ = {isa = PBXFileReference; includeInIndex = 1; lastKnownFileType = text.xcconfig; name = "Pods-AirFrag.release.xcconfig"; path = "Target Support Files/Pods-AirFrag/Pods-AirFrag.release.xcconfig"; sourceTree = "<group>"; };
		65445F872854D23200932B11 /* Info.plist */ = {isa = PBXFileReference; fileEncoding = 4; lastKnownFileType = text.plist.xml; name = Info.plist; path = ../../../../openhaystack/OpenHaystack/OpenHaystackMail/Info.plist; sourceTree = "<group>"; };
		65445F882854D23200932B11 /* AppleAccountData.m */ = {isa = PBXFileReference; fileEncoding = 4; lastKnownFileType = sourcecode.c.objc; name = AppleAccountData.m; path = ../../../../openhaystack/OpenHaystack/OpenHaystackMail/AppleAccountData.m; sourceTree = "<group>"; };
		65445F892854D23200932B11 /* ALTAnisetteData.h */ = {isa = PBXFileReference; fileEncoding = 4; lastKnownFileType = sourcecode.c.h; name = ALTAnisetteData.h; path = ../../../../openhaystack/OpenHaystack/OpenHaystackMail/ALTAnisetteData.h; sourceTree = "<group>"; };
		65445F8A2854D23200932B11 /* AppleAccountData.h */ = {isa = PBXFileReference; fileEncoding = 4; lastKnownFileType = sourcecode.c.h; name = AppleAccountData.h; path = ../../../../openhaystack/OpenHaystack/OpenHaystackMail/AppleAccountData.h; sourceTree = "<group>"; };
		65445F8B2854D23200932B11 /* OpenHaystackPluginService.h */ = {isa = PBXFileReference; fileEncoding = 4; lastKnownFileType = sourcecode.c.h; name = OpenHaystackPluginService.h; path = ../../../../openhaystack/OpenHaystack/OpenHaystackMail/OpenHaystackPluginService.h; sourceTree = "<group>"; };
		65445F8C2854D23200932B11 /* OpenHaystackPluginService.m */ = {isa = PBXFileReference; fileEncoding = 4; lastKnownFileType = sourcecode.c.objc; name = OpenHaystackPluginService.m; path = ../../../../openhaystack/OpenHaystack/OpenHaystackMail/OpenHaystackPluginService.m; sourceTree = "<group>"; };
		65445F8D2854D23200932B11 /* ALTAnisetteData.m */ = {isa = PBXFileReference; fileEncoding = 4; lastKnownFileType = sourcecode.c.objc; name = ALTAnisetteData.m; path = ../../../../openhaystack/OpenHaystack/OpenHaystackMail/ALTAnisetteData.m; sourceTree = "<group>"; };
		65445F912854D81500932B11 /* fabricate.swift */ = {isa = PBXFileReference; lastKnownFileType = sourcecode.swift; path = fabricate.swift; sourceTree = "<group>"; };
		6587988F2852A4C400D04735 /* AnisetteDataManager.swift */ = {isa = PBXFileReference; lastKnownFileType = sourcecode.swift; path = AnisetteDataManager.swift; sourceTree = "<group>"; };
		65CF4EC22856119000639DC8 /* sampleKeys.plist */ = {isa = PBXFileReference; lastKnownFileType = text.plist.xml; path = sampleKeys.plist; sourceTree = SOURCE_ROOT; };
		6606E9972851FC1F006D656D /* FindMyKeyDecoder.swift */ = {isa = PBXFileReference; lastKnownFileType = sourcecode.swift; path = FindMyKeyDecoder.swift; sourceTree = "<group>"; };
		6606E99B2851FC5A006D656D /* DecryptReport.swift */ = {isa = PBXFileReference; lastKnownFileType = sourcecode.swift; path = DecryptReport.swift; sourceTree = "<group>"; };
		6606E99E2851FE3A006D656D /* BoringSSL.m */ = {isa = PBXFileReference; lastKnownFileType = sourcecode.c.objc; path = BoringSSL.m; sourceTree = "<group>"; };
		6606E9A02851FE4A006D656D /* BoringSSL.h */ = {isa = PBXFileReference; lastKnownFileType = sourcecode.c.h; path = BoringSSL.h; sourceTree = "<group>"; };
		6606E9A128520294006D656D /* Bridging-Header.h */ = {isa = PBXFileReference; lastKnownFileType = sourcecode.c.h; path = "Bridging-Header.h"; sourceTree = "<group>"; };
		661531192851493100D0F58D /* AirFrag */ = {isa = PBXFileReference; explicitFileType = "compiled.mach-o.executable"; includeInIndex = 0; path = AirFrag; sourceTree = BUILT_PRODUCTS_DIR; };
		6615311C2851493100D0F58D /* main.swift */ = {isa = PBXFileReference; lastKnownFileType = sourcecode.swift; path = main.swift; sourceTree = "<group>"; };
		6615312328514A1900D0F58D /* Models.swift */ = {isa = PBXFileReference; lastKnownFileType = sourcecode.swift; path = Models.swift; sourceTree = "<group>"; };
		66B54E38285154B5007A1C75 /* Accessory.swift */ = {isa = PBXFileReference; lastKnownFileType = sourcecode.swift; path = Accessory.swift; sourceTree = "<group>"; };
		66B54E3A2851554E007A1C75 /* PreviewData.swift */ = {isa = PBXFileReference; lastKnownFileType = sourcecode.swift; path = PreviewData.swift; sourceTree = "<group>"; };
		66B54E3C28515A12007A1C75 /* FindMyController.swift */ = {isa = PBXFileReference; lastKnownFileType = sourcecode.swift; path = FindMyController.swift; sourceTree = "<group>"; };
		66B54E4128515B55007A1C75 /* ReportsFetcher.m */ = {isa = PBXFileReference; lastKnownFileType = sourcecode.c.objc; path = ReportsFetcher.m; sourceTree = "<group>"; };
		66B54E4328515BF1007A1C75 /* ReportsFetcher.h */ = {isa = PBXFileReference; lastKnownFileType = sourcecode.c.h; path = ReportsFetcher.h; sourceTree = "<group>"; };
		6A57D078A8AF5D85CE529423 /* libPods-AirFrag.a */ = {isa = PBXFileReference; explicitFileType = archive.ar; includeInIndex = 0; path = "libPods-AirFrag.a"; sourceTree = BUILT_PRODUCTS_DIR; };
		C7CADCB580D684E92D956146 /* Pods-AirFrag.debug.xcconfig */ = {isa = PBXFileReference; includeInIndex = 1; lastKnownFileType = text.xcconfig; name = "Pods-AirFrag.debug.xcconfig"; path = "Target Support Files/Pods-AirFrag/Pods-AirFrag.debug.xcconfig"; sourceTree = "<group>"; };
/* End PBXFileReference section */

/* Begin PBXFrameworksBuildPhase section */
		661531162851493100D0F58D /* Frameworks */ = {
			isa = PBXFrameworksBuildPhase;
			buildActionMask = 2147483647;
			files = (
				2A764978AE057EBB9257F92F /* libPods-AirFrag.a in Frameworks */,
			);
			runOnlyForDeploymentPostprocessing = 0;
		};
/* End PBXFrameworksBuildPhase section */

/* Begin PBXGroup section */
		65D4EB532854C66E00B77D39 /* OpenHaystackMail */ = {
			isa = PBXGroup;
			children = (
				65445F892854D23200932B11 /* ALTAnisetteData.h */,
				65445F8D2854D23200932B11 /* ALTAnisetteData.m */,
				65445F8A2854D23200932B11 /* AppleAccountData.h */,
				65445F882854D23200932B11 /* AppleAccountData.m */,
				65445F872854D23200932B11 /* Info.plist */,
				65445F8B2854D23200932B11 /* OpenHaystackPluginService.h */,
				65445F8C2854D23200932B11 /* OpenHaystackPluginService.m */,
			);
			path = OpenHaystackMail;
			sourceTree = "<group>";
		};
		65F8A36A2854CE2800BAFEAE /* OpenHayStack */ = {
			isa = PBXGroup;
			children = (
				65D4EB532854C66E00B77D39 /* OpenHaystackMail */,
				6606E99D2851FE0F006D656D /* BoringSSL */,
				66B54E3F28515A59007A1C75 /* ReportFetcher */,
				66B54E3E28515A38007A1C75 /* FindMy */,
				66B54E3728515490007A1C75 /* Model */,
			);
			path = OpenHayStack;
			sourceTree = "<group>";
		};
		6606E99D2851FE0F006D656D /* BoringSSL */ = {
			isa = PBXGroup;
			children = (
				6606E99E2851FE3A006D656D /* BoringSSL.m */,
				6606E9A02851FE4A006D656D /* BoringSSL.h */,
			);
			path = BoringSSL;
			sourceTree = "<group>";
		};
		661531102851493100D0F58D = {
			isa = PBXGroup;
			children = (
				6606E9A128520294006D656D /* Bridging-Header.h */,
				65F8A36A2854CE2800BAFEAE /* OpenHayStack */,
				6615311B2851493100D0F58D /* AirFrag */,
				6615311A2851493100D0F58D /* Products */,
				C0D04A32B5098143AE82DCCB /* Pods */,
				B18588C05A4EAC20BD664DBB /* Frameworks */,
			);
			sourceTree = "<group>";
		};
		6615311A2851493100D0F58D /* Products */ = {
			isa = PBXGroup;
			children = (
				661531192851493100D0F58D /* AirFrag */,
			);
			name = Products;
			sourceTree = "<group>";
		};
		6615311B2851493100D0F58D /* AirFrag */ = {
			isa = PBXGroup;
			children = (
				65CF4EC22856119000639DC8 /* sampleKeys.plist */,
				6615311C2851493100D0F58D /* main.swift */,
				65445F912854D81500932B11 /* fabricate.swift */,
			);
			path = AirFrag;
			sourceTree = "<group>";
		};
		66B54E3728515490007A1C75 /* Model */ = {
			isa = PBXGroup;
			children = (
				66B54E38285154B5007A1C75 /* Accessory.swift */,
				66B54E3A2851554E007A1C75 /* PreviewData.swift */,
			);
			path = Model;
			sourceTree = "<group>";
		};
		66B54E3E28515A38007A1C75 /* FindMy */ = {
			isa = PBXGroup;
			children = (
				66B54E3C28515A12007A1C75 /* FindMyController.swift */,
				6615312328514A1900D0F58D /* Models.swift */,
				6606E9972851FC1F006D656D /* FindMyKeyDecoder.swift */,
				6606E99B2851FC5A006D656D /* DecryptReport.swift */,
			);
			path = FindMy;
			sourceTree = "<group>";
		};
		66B54E3F28515A59007A1C75 /* ReportFetcher */ = {
			isa = PBXGroup;
			children = (
				6587988F2852A4C400D04735 /* AnisetteDataManager.swift */,
				66B54E4128515B55007A1C75 /* ReportsFetcher.m */,
				66B54E4328515BF1007A1C75 /* ReportsFetcher.h */,
			);
			path = ReportFetcher;
			sourceTree = "<group>";
		};
		B18588C05A4EAC20BD664DBB /* Frameworks */ = {
			isa = PBXGroup;
			children = (
				6A57D078A8AF5D85CE529423 /* libPods-AirFrag.a */,
			);
			name = Frameworks;
			sourceTree = "<group>";
		};
		C0D04A32B5098143AE82DCCB /* Pods */ = {
			isa = PBXGroup;
			children = (
				C7CADCB580D684E92D956146 /* Pods-AirFrag.debug.xcconfig */,
				24D2B24A862EB578A6AF6D18 /* Pods-AirFrag.release.xcconfig */,
			);
			path = Pods;
			sourceTree = "<group>";
		};
/* End PBXGroup section */

/* Begin PBXNativeTarget section */
		661531182851493100D0F58D /* AirFrag */ = {
			isa = PBXNativeTarget;
			buildConfigurationList = 661531202851493100D0F58D /* Build configuration list for PBXNativeTarget "AirFrag" */;
			buildPhases = (
				29526F3839EE995CFE81987B /* [CP] Check Pods Manifest.lock */,
				661531152851493100D0F58D /* Sources */,
				661531162851493100D0F58D /* Frameworks */,
				661531172851493100D0F58D /* CopyFiles */,
			);
			buildRules = (
			);
			dependencies = (
			);
			name = AirFrag;
			productName = AirFrag;
			productReference = 661531192851493100D0F58D /* AirFrag */;
			productType = "com.apple.product-type.tool";
		};
/* End PBXNativeTarget section */

/* Begin PBXProject section */
		661531112851493100D0F58D /* Project object */ = {
			isa = PBXProject;
			attributes = {
				BuildIndependentTargetsInParallel = 1;
				LastSwiftUpdateCheck = 1320;
				LastUpgradeCheck = 1340;
				TargetAttributes = {
					661531182851493100D0F58D = {
						CreatedOnToolsVersion = 13.2.1;
						LastSwiftMigration = 1320;
					};
				};
			};
			buildConfigurationList = 661531142851493100D0F58D /* Build configuration list for PBXProject "AirFrag" */;
			compatibilityVersion = "Xcode 13.0";
			developmentRegion = en;
			hasScannedForEncodings = 0;
			knownRegions = (
				en,
				Base,
			);
			mainGroup = 661531102851493100D0F58D;
			productRefGroup = 6615311A2851493100D0F58D /* Products */;
			projectDirPath = "";
			projectRoot = "";
			targets = (
				661531182851493100D0F58D /* AirFrag */,
			);
		};
/* End PBXProject section */

/* Begin PBXShellScriptBuildPhase section */
		29526F3839EE995CFE81987B /* [CP] Check Pods Manifest.lock */ = {
			isa = PBXShellScriptBuildPhase;
			buildActionMask = 2147483647;
			files = (
			);
			inputFileListPaths = (
			);
			inputPaths = (
				"${PODS_PODFILE_DIR_PATH}/Podfile.lock",
				"${PODS_ROOT}/Manifest.lock",
			);
			name = "[CP] Check Pods Manifest.lock";
			outputFileListPaths = (
			);
			outputPaths = (
				"$(DERIVED_FILE_DIR)/Pods-AirFrag-checkManifestLockResult.txt",
			);
			runOnlyForDeploymentPostprocessing = 0;
			shellPath = /bin/sh;
			shellScript = "diff \"${PODS_PODFILE_DIR_PATH}/Podfile.lock\" \"${PODS_ROOT}/Manifest.lock\" > /dev/null\nif [ $? != 0 ] ; then\n    # print error to STDERR\n    echo \"error: The sandbox is not in sync with the Podfile.lock. Run 'pod install' or update your CocoaPods installation.\" >&2\n    exit 1\nfi\n# This output is used by Xcode 'outputs' to avoid re-running this script phase.\necho \"SUCCESS\" > \"${SCRIPT_OUTPUT_FILE_0}\"\n";
			showEnvVarsInLog = 0;
		};
/* End PBXShellScriptBuildPhase section */

/* Begin PBXSourcesBuildPhase section */
		661531152851493100D0F58D /* Sources */ = {
			isa = PBXSourcesBuildPhase;
			buildActionMask = 2147483647;
			files = (
				66B54E3B2851554E007A1C75 /* PreviewData.swift in Sources */,
				66B54E39285154B5007A1C75 /* Accessory.swift in Sources */,
				6541CC1B2852AC21008981FA /* AnisetteDataManager.swift in Sources */,
				6615311D2851493100D0F58D /* main.swift in Sources */,
				66B54E4228515B55007A1C75 /* ReportsFetcher.m in Sources */,
				6615312428514A1900D0F58D /* Models.swift in Sources */,
				65445F922854D81500932B11 /* fabricate.swift in Sources */,
				65445F8E2854D23200932B11 /* AppleAccountData.m in Sources */,
				6606E99C2851FC5A006D656D /* DecryptReport.swift in Sources */,
				65445F902854D23200932B11 /* ALTAnisetteData.m in Sources */,
				65445F8F2854D23200932B11 /* OpenHaystackPluginService.m in Sources */,
				6606E9982851FC1F006D656D /* FindMyKeyDecoder.swift in Sources */,
				66B54E3D28515A12007A1C75 /* FindMyController.swift in Sources */,
				6606E99F2851FE3A006D656D /* BoringSSL.m in Sources */,
			);
			runOnlyForDeploymentPostprocessing = 0;
		};
/* End PBXSourcesBuildPhase section */

/* Begin XCBuildConfiguration section */
		6615311E2851493100D0F58D /* Debug */ = {
			isa = XCBuildConfiguration;
			buildSettings = {
				ALWAYS_SEARCH_USER_PATHS = NO;
				CLANG_ANALYZER_NONNULL = YES;
				CLANG_ANALYZER_NUMBER_OBJECT_CONVERSION = YES_AGGRESSIVE;
				CLANG_CXX_LANGUAGE_STANDARD = "gnu++17";
				CLANG_CXX_LIBRARY = "libc++";
				CLANG_ENABLE_MODULES = YES;
				CLANG_ENABLE_OBJC_ARC = YES;
				CLANG_ENABLE_OBJC_WEAK = YES;
				CLANG_WARN_BLOCK_CAPTURE_AUTORELEASING = YES;
				CLANG_WARN_BOOL_CONVERSION = YES;
				CLANG_WARN_COMMA = YES;
				CLANG_WARN_CONSTANT_CONVERSION = YES;
				CLANG_WARN_DEPRECATED_OBJC_IMPLEMENTATIONS = YES;
				CLANG_WARN_DIRECT_OBJC_ISA_USAGE = YES_ERROR;
				CLANG_WARN_DOCUMENTATION_COMMENTS = YES;
				CLANG_WARN_EMPTY_BODY = YES;
				CLANG_WARN_ENUM_CONVERSION = YES;
				CLANG_WARN_INFINITE_RECURSION = YES;
				CLANG_WARN_INT_CONVERSION = YES;
				CLANG_WARN_NON_LITERAL_NULL_CONVERSION = YES;
				CLANG_WARN_OBJC_IMPLICIT_RETAIN_SELF = YES;
				CLANG_WARN_OBJC_LITERAL_CONVERSION = YES;
				CLANG_WARN_OBJC_ROOT_CLASS = YES_ERROR;
				CLANG_WARN_QUOTED_INCLUDE_IN_FRAMEWORK_HEADER = YES;
				CLANG_WARN_RANGE_LOOP_ANALYSIS = YES;
				CLANG_WARN_STRICT_PROTOTYPES = YES;
				CLANG_WARN_SUSPICIOUS_MOVE = YES;
				CLANG_WARN_UNGUARDED_AVAILABILITY = YES_AGGRESSIVE;
				CLANG_WARN_UNREACHABLE_CODE = YES;
				CLANG_WARN__DUPLICATE_METHOD_MATCH = YES;
				COPY_PHASE_STRIP = NO;
				DEBUG_INFORMATION_FORMAT = dwarf;
				ENABLE_STRICT_OBJC_MSGSEND = YES;
				ENABLE_TESTABILITY = YES;
				GCC_C_LANGUAGE_STANDARD = gnu11;
				GCC_DYNAMIC_NO_PIC = NO;
				GCC_NO_COMMON_BLOCKS = YES;
				GCC_OPTIMIZATION_LEVEL = 0;
				GCC_PREPROCESSOR_DEFINITIONS = (
					"DEBUG=1",
					"$(inherited)",
				);
				GCC_WARN_64_TO_32_BIT_CONVERSION = YES;
				GCC_WARN_ABOUT_RETURN_TYPE = YES_ERROR;
				GCC_WARN_UNDECLARED_SELECTOR = YES;
				GCC_WARN_UNINITIALIZED_AUTOS = YES_AGGRESSIVE;
				GCC_WARN_UNUSED_FUNCTION = YES;
				GCC_WARN_UNUSED_VARIABLE = YES;
				MACOSX_DEPLOYMENT_TARGET = 11.6;
				MTL_ENABLE_DEBUG_INFO = INCLUDE_SOURCE;
				MTL_FAST_MATH = YES;
				ONLY_ACTIVE_ARCH = YES;
				SDKROOT = macosx;
				SWIFT_ACTIVE_COMPILATION_CONDITIONS = DEBUG;
				SWIFT_OPTIMIZATION_LEVEL = "-Onone";
			};
			name = Debug;
		};
		6615311F2851493100D0F58D /* Release */ = {
			isa = XCBuildConfiguration;
			buildSettings = {
				ALWAYS_SEARCH_USER_PATHS = NO;
				CLANG_ANALYZER_NONNULL = YES;
				CLANG_ANALYZER_NUMBER_OBJECT_CONVERSION = YES_AGGRESSIVE;
				CLANG_CXX_LANGUAGE_STANDARD = "gnu++17";
				CLANG_CXX_LIBRARY = "libc++";
				CLANG_ENABLE_MODULES = YES;
				CLANG_ENABLE_OBJC_ARC = YES;
				CLANG_ENABLE_OBJC_WEAK = YES;
				CLANG_WARN_BLOCK_CAPTURE_AUTORELEASING = YES;
				CLANG_WARN_BOOL_CONVERSION = YES;
				CLANG_WARN_COMMA = YES;
				CLANG_WARN_CONSTANT_CONVERSION = YES;
				CLANG_WARN_DEPRECATED_OBJC_IMPLEMENTATIONS = YES;
				CLANG_WARN_DIRECT_OBJC_ISA_USAGE = YES_ERROR;
				CLANG_WARN_DOCUMENTATION_COMMENTS = YES;
				CLANG_WARN_EMPTY_BODY = YES;
				CLANG_WARN_ENUM_CONVERSION = YES;
				CLANG_WARN_INFINITE_RECURSION = YES;
				CLANG_WARN_INT_CONVERSION = YES;
				CLANG_WARN_NON_LITERAL_NULL_CONVERSION = YES;
				CLANG_WARN_OBJC_IMPLICIT_RETAIN_SELF = YES;
				CLANG_WARN_OBJC_LITERAL_CONVERSION = YES;
				CLANG_WARN_OBJC_ROOT_CLASS = YES_ERROR;
				CLANG_WARN_QUOTED_INCLUDE_IN_FRAMEWORK_HEADER = YES;
				CLANG_WARN_RANGE_LOOP_ANALYSIS = YES;
				CLANG_WARN_STRICT_PROTOTYPES = YES;
				CLANG_WARN_SUSPICIOUS_MOVE = YES;
				CLANG_WARN_UNGUARDED_AVAILABILITY = YES_AGGRESSIVE;
				CLANG_WARN_UNREACHABLE_CODE = YES;
				CLANG_WARN__DUPLICATE_METHOD_MATCH = YES;
				COPY_PHASE_STRIP = NO;
				DEBUG_INFORMATION_FORMAT = "dwarf-with-dsym";
				ENABLE_NS_ASSERTIONS = NO;
				ENABLE_STRICT_OBJC_MSGSEND = YES;
				GCC_C_LANGUAGE_STANDARD = gnu11;
				GCC_NO_COMMON_BLOCKS = YES;
				GCC_WARN_64_TO_32_BIT_CONVERSION = YES;
				GCC_WARN_ABOUT_RETURN_TYPE = YES_ERROR;
				GCC_WARN_UNDECLARED_SELECTOR = YES;
				GCC_WARN_UNINITIALIZED_AUTOS = YES_AGGRESSIVE;
				GCC_WARN_UNUSED_FUNCTION = YES;
				GCC_WARN_UNUSED_VARIABLE = YES;
				MACOSX_DEPLOYMENT_TARGET = 11.6;
				MTL_ENABLE_DEBUG_INFO = NO;
				MTL_FAST_MATH = YES;
				SDKROOT = macosx;
				SWIFT_COMPILATION_MODE = wholemodule;
				SWIFT_OPTIMIZATION_LEVEL = "-O";
			};
			name = Release;
		};
		661531212851493100D0F58D /* Debug */ = {
			isa = XCBuildConfiguration;
			baseConfigurationReference = C7CADCB580D684E92D956146 /* Pods-AirFrag.debug.xcconfig */;
			buildSettings = {
				CLANG_ENABLE_MODULES = YES;
				CODE_SIGN_IDENTITY = "-";
				CODE_SIGN_STYLE = Automatic;
				LD_RUNPATH_SEARCH_PATHS = (
					"$(inherited)",
					"@executable_path/../Frameworks",
					"@loader_path/../Frameworks",
				);
				PRODUCT_NAME = "$(TARGET_NAME)";
				SWIFT_OBJC_BRIDGING_HEADER = "Bridging-Header.h";
				SWIFT_OPTIMIZATION_LEVEL = "-Onone";
				SWIFT_VERSION = 5.0;
			};
			name = Debug;
		};
		661531222851493100D0F58D /* Release */ = {
			isa = XCBuildConfiguration;
			baseConfigurationReference = 24D2B24A862EB578A6AF6D18 /* Pods-AirFrag.release.xcconfig */;
			buildSettings = {
				CLANG_ENABLE_MODULES = YES;
				CODE_SIGN_IDENTITY = "-";
				CODE_SIGN_STYLE = Automatic;
				LD_RUNPATH_SEARCH_PATHS = (
					"$(inherited)",
					"@executable_path/../Frameworks",
					"@loader_path/../Frameworks",
				);
				PRODUCT_NAME = "$(TARGET_NAME)";
				SWIFT_OBJC_BRIDGING_HEADER = "Bridging-Header.h";
				SWIFT_VERSION = 5.0;
			};
			name = Release;
		};
/* End XCBuildConfiguration section */

/* Begin XCConfigurationList section */
		661531142851493100D0F58D /* Build configuration list for PBXProject "AirFrag" */ = {
			isa = XCConfigurationList;
			buildConfigurations = (
				6615311E2851493100D0F58D /* Debug */,
				6615311F2851493100D0F58D /* Release */,
			);
			defaultConfigurationIsVisible = 0;
			defaultConfigurationName = Release;
		};
		661531202851493100D0F58D /* Build configuration list for PBXNativeTarget "AirFrag" */ = {
			isa = XCConfigurationList;
			buildConfigurations = (
				661531212851493100D0F58D /* Debug */,
				661531222851493100D0F58D /* Release */,
			);
			defaultConfigurationIsVisible = 0;
			defaultConfigurationName = Release;
		};
/* End XCConfigurationList section */
	};
	rootObject = 661531112851493100D0F58D /* Project object */;
}
